
Microsoft Visual Studio Solution File, Format Version 12.00
# Visual Studio 15
Project("{FAE04EC0-301F-11D3-BF4B-00C04F79EFBC}") = "Sludge", "Sludge.csproj", "{195C5C77-5A40-DBEE-194C-7E5036AE252A}"
EndProject
Project("{FAE04EC0-301F-11D3-BF4B-00C04F79EFBC}") = "Sludge.Plugins", "Sludge.Plugins.csproj", "{27456D75-656B-8E88-2559-F56439DB8046}"
EndProject
Project("{FAE04EC0-301F-11D3-BF4B-00C04F79EFBC}") = "Sludge.Editor", "Sludge.Editor.csproj", "{F2CD88CA-056F-4425-8362-155AA4A894F4}"
EndProject
Project("{FAE04EC0-301F-11D3-BF4B-00C04F79EFBC}") = "Sludge.Editor.Plugins", "Sludge.Editor.Plugins.csproj", "{B04F993D-E838-1683-0796-B1533AAC4FC9}"
EndProject
Global
	GlobalSection(SolutionConfigurationPlatforms) = preSolution
		Debug|Any CPU = Debug|Any CPU
		Release|Any CPU = Release|Any CPU
	EndGlobalSection
	GlobalSection(ProjectConfigurationPlatforms) = postSolution
		{195C5C77-5A40-DBEE-194C-7E5036AE252A}.Debug|Any CPU.ActiveCfg = Debug|Any CPU
		{195C5C77-5A40-DBEE-194C-7E5036AE252A}.Debug|Any CPU.Build.0 = Debug|Any CPU
		{195C5C77-5A40-DBEE-194C-7E5036AE252A}.Release|Any CPU.ActiveCfg = Release|Any CPU
		{195C5C77-5A40-DBEE-194C-7E5036AE252A}.Release|Any CPU.Build.0 = Release|Any CPU
		{27456D75-656B-8E88-2559-F56439DB8046}.Debug|Any CPU.ActiveCfg = Debug|Any CPU
		{27456D75-656B-8E88-2559-F56439DB8046}.Debug|Any CPU.Build.0 = Debug|Any CPU
		{27456D75-656B-8E88-2559-F56439DB8046}.Release|Any CPU.ActiveCfg = Release|Any CPU
		{27456D75-656B-8E88-2559-F56439DB8046}.Release|Any CPU.Build.0 = Release|Any CPU
		{F2CD88CA-056F-4425-8362-155AA4A894F4}.Debug|Any CPU.ActiveCfg = Debug|Any CPU
		{F2CD88CA-056F-4425-8362-155AA4A894F4}.Debug|Any CPU.Build.0 = Debug|Any CPU
		{F2CD88CA-056F-4425-8362-155AA4A894F4}.Release|Any CPU.ActiveCfg = Release|Any CPU
		{F2CD88CA-056F-4425-8362-155AA4A894F4}.Release|Any CPU.Build.0 = Release|Any CPU
		{B04F993D-E838-1683-0796-B1533AAC4FC9}.Debug|Any CPU.ActiveCfg = Debug|Any CPU
		{B04F993D-E838-1683-0796-B1533AAC4FC9}.Debug|Any CPU.Build.0 = Debug|Any CPU
		{B04F993D-E838-1683-0796-B1533AAC4FC9}.Release|Any CPU.ActiveCfg = Release|Any CPU
		{B04F993D-E838-1683-0796-B1533AAC4FC9}.Release|Any CPU.Build.0 = Release|Any CPU
	EndGlobalSection
	GlobalSection(SolutionProperties) = preSolution
		HideSolutionNode = FALSE
	EndGlobalSection
EndGlobal
